
Microsoft Visual Studio Solution File, Format Version 12.00
# Visual Studio Version 17
VisualStudioVersion = 17.5.33530.505
MinimumVisualStudioVersion = 10.0.40219.1
Project("{FAE04EC0-301F-11D3-BF4B-00C04F79EFBC}") = "Access Modifier & Encapsulation", "Access Modifier & Encapsulation\Access Modifier & Encapsulation.csproj", "{DDC6897F-4349-4CCC-9434-B4C1A51CF9D0}"
EndProject
Global
	GlobalSection(SolutionConfigurationPlatforms) = preSolution
		Debug|Any CPU = Debug|Any CPU
		Release|Any CPU = Release|Any CPU
	EndGlobalSection
	GlobalSection(ProjectConfigurationPlatforms) = postSolution
		{DDC6897F-4349-4CCC-9434-B4C1A51CF9D0}.Debug|Any CPU.ActiveCfg = Debug|Any CPU
		{DDC6897F-4349-4CCC-9434-B4C1A51CF9D0}.Debug|Any CPU.Build.0 = Debug|Any CPU
		{DDC6897F-4349-4CCC-9434-B4C1A51CF9D0}.Release|Any CPU.ActiveCfg = Release|Any CPU
		{DDC6897F-4349-4CCC-9434-B4C1A51CF9D0}.Release|Any CPU.Build.0 = Release|Any CPU
	EndGlobalSection
	GlobalSection(SolutionProperties) = preSolution
		HideSolutionNode = FALSE
	EndGlobalSection
	GlobalSection(ExtensibilityGlobals) = postSolution
		SolutionGuid = {F5D3AFCE-5457-4737-B17D-F59DAE475714}
	EndGlobalSection
EndGlobal
